
Microsoft Visual Studio Solution File, Format Version 12.00
# Visual Studio Version 17
VisualStudioVersion = 17.1.32319.34
MinimumVisualStudioVersion = 10.0.40219.1
Project("{00D1A9C2-B5F0-4AF3-8072-F6C62B433612}") = "DemoCustomerDb", "DemoCustomerDb\DemoCustomerDb.sqlproj", "{8F7DBF30-CAD0-47BD-8F98-8060A88A2BBD}"
EndProject
Global
	GlobalSection(SolutionConfigurationPlatforms) = preSolution
		Debug|Any CPU = Debug|Any CPU
		Release|Any CPU = Release|Any CPU
	EndGlobalSection
	GlobalSection(ProjectConfigurationPlatforms) = postSolution
		{8F7DBF30-CAD0-47BD-8F98-8060A88A2BBD}.Debug|Any CPU.ActiveCfg = Debug|Any CPU
		{8F7DBF30-CAD0-47BD-8F98-8060A88A2BBD}.Debug|Any CPU.Build.0 = Debug|Any CPU
		{8F7DBF30-CAD0-47BD-8F98-8060A88A2BBD}.Debug|Any CPU.Deploy.0 = Debug|Any CPU
		{8F7DBF30-CAD0-47BD-8F98-8060A88A2BBD}.Release|Any CPU.ActiveCfg = Release|Any CPU
		{8F7DBF30-CAD0-47BD-8F98-8060A88A2BBD}.Release|Any CPU.Build.0 = Release|Any CPU
		{8F7DBF30-CAD0-47BD-8F98-8060A88A2BBD}.Release|Any CPU.Deploy.0 = Release|Any CPU
	EndGlobalSection
	GlobalSection(SolutionProperties) = preSolution
		HideSolutionNode = FALSE
	EndGlobalSection
	GlobalSection(ExtensibilityGlobals) = postSolution
		SolutionGuid = {FB93CCC6-89DF-47E2-A94A-0A901701F4DD}
	EndGlobalSection
EndGlobal
